
Microsoft Visual Studio Solution File, Format Version 12.00
# Visual Studio 2013
VisualStudioVersion = 12.0.31101.0
MinimumVisualStudioVersion = 10.0.40219.1
Project("{8BC9CEB8-8B4A-11D0-8D11-00A0C91BC942}") = "Noise network", "Noise network\Noise network.vcxproj", "{9E5D0D9F-E5A4-480B-A4EC-DB5B315C03F7}"
EndProject
Project("{8BC9CEB8-8B4A-11D0-8D11-00A0C91BC942}") = "NoiseNetwork", "NoiseNetwork\NoiseNetwork.vcxproj", "{2F88C71C-0F44-468D-854F-F99EDF54E89E}"
EndProject
Project("{8BC9CEB8-8B4A-11D0-8D11-00A0C91BC942}") = "Server", "Server\Server.vcxproj", "{4241BA26-B94B-4BC8-8044-6628713FBFCC}"
EndProject
Global
	GlobalSection(SolutionConfigurationPlatforms) = preSolution
		Debug|Win32 = Debug|Win32
		Debug|x64 = Debug|x64
		Release|Win32 = Release|Win32
		Release|x64 = Release|x64
	EndGlobalSection
	GlobalSection(ProjectConfigurationPlatforms) = postSolution
		{9E5D0D9F-E5A4-480B-A4EC-DB5B315C03F7}.Debug|Win32.ActiveCfg = Debug|Win32
		{9E5D0D9F-E5A4-480B-A4EC-DB5B315C03F7}.Debug|Win32.Build.0 = Debug|Win32
		{9E5D0D9F-E5A4-480B-A4EC-DB5B315C03F7}.Debug|x64.ActiveCfg = Debug|x64
		{9E5D0D9F-E5A4-480B-A4EC-DB5B315C03F7}.Debug|x64.Build.0 = Debug|x64
		{9E5D0D9F-E5A4-480B-A4EC-DB5B315C03F7}.Release|Win32.ActiveCfg = Release|Win32
		{9E5D0D9F-E5A4-480B-A4EC-DB5B315C03F7}.Release|Win32.Build.0 = Release|Win32
		{9E5D0D9F-E5A4-480B-A4EC-DB5B315C03F7}.Release|x64.ActiveCfg = Release|x64
		{9E5D0D9F-E5A4-480B-A4EC-DB5B315C03F7}.Release|x64.Build.0 = Release|x64
		{2F88C71C-0F44-468D-854F-F99EDF54E89E}.Debug|Win32.ActiveCfg = Debug|Win32
		{2F88C71C-0F44-468D-854F-F99EDF54E89E}.Debug|Win32.Build.0 = Debug|Win32
		{2F88C71C-0F44-468D-854F-F99EDF54E89E}.Debug|x64.ActiveCfg = Debug|x64
		{2F88C71C-0F44-468D-854F-F99EDF54E89E}.Debug|x64.Build.0 = Debug|x64
		{2F88C71C-0F44-468D-854F-F99EDF54E89E}.Release|Win32.ActiveCfg = Release|Win32
		{2F88C71C-0F44-468D-854F-F99EDF54E89E}.Release|Win32.Build.0 = Release|Win32
		{2F88C71C-0F44-468D-854F-F99EDF54E89E}.Release|x64.ActiveCfg = Release|x64
		{2F88C71C-0F44-468D-854F-F99EDF54E89E}.Release|x64.Build.0 = Release|x64
		{4241BA26-B94B-4BC8-8044-6628713FBFCC}.Debug|Win32.ActiveCfg = Debug|Win32
		{4241BA26-B94B-4BC8-8044-6628713FBFCC}.Debug|Win32.Build.0 = Debug|Win32
		{4241BA26-B94B-4BC8-8044-6628713FBFCC}.Debug|x64.ActiveCfg = Debug|x64
		{4241BA26-B94B-4BC8-8044-6628713FBFCC}.Debug|x64.Build.0 = Debug|x64
		{4241BA26-B94B-4BC8-8044-6628713FBFCC}.Release|Win32.ActiveCfg = Release|Win32
		{4241BA26-B94B-4BC8-8044-6628713FBFCC}.Release|Win32.Build.0 = Release|Win32
		{4241BA26-B94B-4BC8-8044-6628713FBFCC}.Release|x64.ActiveCfg = Release|x64
		{4241BA26-B94B-4BC8-8044-6628713FBFCC}.Release|x64.Build.0 = Release|x64
	EndGlobalSection
	GlobalSection(SolutionProperties) = preSolution
		HideSolutionNode = FALSE
	EndGlobalSection
EndGlobal
